{
  "version": 4,
  "terraform_version": "1.5.7",
  "serial": 133,
  "lineage": "620246b4-513c-ccb0-afc3-65e6d51699ff",
  "outputs": {},
  "resources": [
    {
      "mode": "data",
      "type": "aws_caller_identity",
      "name": "current",
      "provider": "provider[\"registry.terraform.io/hashicorp/aws\"]",
      "instances": [
        {
          "schema_version": 0,
          "attributes": {
            "account_id": "829250931565",
            "arn": "arn:aws:iam::829250931565:user/jber",
            "id": "829250931565",
            "user_id": "AIDA4CEZVBNWQ7ZGMHAF2"
          },
          "sensitive_attributes": []
        }
      ]
    },
    {
      "module": "module.confluent_cloud",
      "mode": "managed",
      "type": "confluent_environment",
      "name": "main",
      "provider": "provider[\"registry.terraform.io/confluentinc/confluent\"]",
      "instances": [
        {
          "schema_version": 0,
          "attributes": {
            "display_name": "tableflow-catalog-sync",
            "id": "env-vkz2np",
            "resource_name": "crn://confluent.cloud/organization=79ee1009-b72b-4016-88bd-b18ca2b5067d/environment=env-vkz2np",
            "stream_governance": [
              {
                "package": "ESSENTIALS"
              }
            ]
          },
          "sensitive_attributes": [],
          "private": "bnVsbA=="
        }
      ]
    },
    {
      "module": "module.confluent_cloud",
      "mode": "managed",
      "type": "confluent_provider_integration",
      "name": "main",
      "provider": "provider[\"registry.terraform.io/confluentinc/confluent\"]",
      "instances": [
        {
          "schema_version": 0,
          "attributes": {
            "aws": [
              {
                "customer_role_arn": "arn:aws:iam::829250931565:role/tableflow-catalog-sync-confluent-byob",
                "external_id": "fe941872-b6e2-412a-94c6-85916e1e93da",
                "iam_role_arn": "arn:aws:iam::851725421142:role/cspi-mn9px"
              }
            ],
            "display_name": "tableflow-catalog-sync-provider-integration",
            "environment": [
              {
                "id": "env-vkz2np"
              }
            ],
            "id": "cspi-mn9px",
            "usages": [
              "crn://confluent.cloud/organization=79ee1009-b72b-4016-88bd-b18ca2b5067d/environment=env-vkz2np/cloud-cluster=lkc-mr6j2w/kafka=lkc-mr6j2w/topic=orders",
              "crn://confluent.cloud/organization=79ee1009-b72b-4016-88bd-b18ca2b5067d/environment=env-vkz2np/cloud-cluster=lkc-mr6j2w/kafka=lkc-mr6j2w/topic=customers"
            ]
          },
          "sensitive_attributes": [],
          "private": "bnVsbA==",
          "dependencies": [
            "data.aws_caller_identity.current",
            "module.confluent_cloud.confluent_environment.main"
          ]
        }
      ]
    }
  ],
  "check_results": null
}
